
Microsoft Visual Studio Solution File, Format Version 12.00
# Visual Studio Version 17
VisualStudioVersion = 17.8.34316.72
MinimumVisualStudioVersion = 10.0.40219.1
Project("{9A19103F-16F7-4668-BE54-9A1E7A4F7556}") = "ChessOnEventSourcing.Application", "src\ChessOnEventSourcing.Application\ChessOnEventSourcing.Application.csproj", "{56F896FA-E4A0-41E7-AB05-D8303DBBEDC3}"
EndProject
Project("{9A19103F-16F7-4668-BE54-9A1E7A4F7556}") = "ChessOnEventSourcing.Domain", "src\ChessOnEventSourcing.Domain\ChessOnEventSourcing.Domain.csproj", "{12081E2C-C05C-4EF3-8FBD-607CB2BA8240}"
EndProject
Project("{9A19103F-16F7-4668-BE54-9A1E7A4F7556}") = "ChessOnEventSourcing.EventStore", "src\ChessOnEventSourcing.EventStore\ChessOnEventSourcing.EventStore.csproj", "{43351ABE-30BC-41C1-B661-B8CE36EE3314}"
EndProject
Project("{9A19103F-16F7-4668-BE54-9A1E7A4F7556}") = "ChessOnEventSourcing.EventStore.Migrations", "src\ChessOnEventSourcing.EventStore.Migrations\ChessOnEventSourcing.EventStore.Migrations.csproj", "{1ACCFEB4-1420-463D-BFDF-AE5757A95508}"
EndProject
Project("{9A19103F-16F7-4668-BE54-9A1E7A4F7556}") = "ChessOnEventSourcing.WebApi", "src\ChessOnEventSourcing.WebApi\ChessOnEventSourcing.WebApi.csproj", "{A587F3E2-8109-4590-9DF8-0F4C880D4C0F}"
EndProject
Project("{2150E333-8FDC-42A3-9474-1A3956D46DE8}") = "src", "src", "{1E547AE3-C558-43A9-8FBE-E934E2FC25C8}"
EndProject
Project("{2150E333-8FDC-42A3-9474-1A3956D46DE8}") = "Solution Items", "Solution Items", "{F0440F95-B391-4359-B9F7-1B2A29CA6FD5}"
	ProjectSection(SolutionItems) = preProject
		docker-compose.yml = docker-compose.yml
	EndProjectSection
EndProject
Project("{9A19103F-16F7-4668-BE54-9A1E7A4F7556}") = "ChessOnEventSourcing.EventStore.IntegrationTests", "tests\ChessOnEventSourcing.EventStore.IntegrationTests\ChessOnEventSourcing.EventStore.IntegrationTests.csproj", "{83E6A7BA-FC24-4D7B-85DD-44F82E86282B}"
EndProject
Project("{2150E333-8FDC-42A3-9474-1A3956D46DE8}") = "tests", "tests", "{169A689E-2DF1-40AA-8339-FD00A4BD5866}"
EndProject
Project("{9A19103F-16F7-4668-BE54-9A1E7A4F7556}") = "ChessOnEventSourcing.Domain.UnitTests", "tests\ChessOnEventSourcing.Domain.UnitTests\ChessOnEventSourcing.Domain.UnitTests.csproj", "{828045A8-9B73-4387-A6D9-2F52086D7958}"
EndProject
Project("{9A19103F-16F7-4668-BE54-9A1E7A4F7556}") = "ChessOnEventSourcing.Benchmarks", "tests\ChessOnEventSourcing.Benchmarks\ChessOnEventSourcing.Benchmarks.csproj", "{9CFFCC87-2A6B-499F-9A9B-76178247CF1A}"
EndProject
Global
	GlobalSection(SolutionConfigurationPlatforms) = preSolution
		Debug|Any CPU = Debug|Any CPU
		Release|Any CPU = Release|Any CPU
	EndGlobalSection
	GlobalSection(ProjectConfigurationPlatforms) = postSolution
		{56F896FA-E4A0-41E7-AB05-D8303DBBEDC3}.Debug|Any CPU.ActiveCfg = Debug|Any CPU
		{56F896FA-E4A0-41E7-AB05-D8303DBBEDC3}.Debug|Any CPU.Build.0 = Debug|Any CPU
		{56F896FA-E4A0-41E7-AB05-D8303DBBEDC3}.Release|Any CPU.ActiveCfg = Release|Any CPU
		{56F896FA-E4A0-41E7-AB05-D8303DBBEDC3}.Release|Any CPU.Build.0 = Release|Any CPU
		{12081E2C-C05C-4EF3-8FBD-607CB2BA8240}.Debug|Any CPU.ActiveCfg = Debug|Any CPU
		{12081E2C-C05C-4EF3-8FBD-607CB2BA8240}.Debug|Any CPU.Build.0 = Debug|Any CPU
		{12081E2C-C05C-4EF3-8FBD-607CB2BA8240}.Release|Any CPU.ActiveCfg = Release|Any CPU
		{12081E2C-C05C-4EF3-8FBD-607CB2BA8240}.Release|Any CPU.Build.0 = Release|Any CPU
		{43351ABE-30BC-41C1-B661-B8CE36EE3314}.Debug|Any CPU.ActiveCfg = Debug|Any CPU
		{43351ABE-30BC-41C1-B661-B8CE36EE3314}.Debug|Any CPU.Build.0 = Debug|Any CPU
		{43351ABE-30BC-41C1-B661-B8CE36EE3314}.Release|Any CPU.ActiveCfg = Release|Any CPU
		{43351ABE-30BC-41C1-B661-B8CE36EE3314}.Release|Any CPU.Build.0 = Release|Any CPU
		{1ACCFEB4-1420-463D-BFDF-AE5757A95508}.Debug|Any CPU.ActiveCfg = Debug|Any CPU
		{1ACCFEB4-1420-463D-BFDF-AE5757A95508}.Debug|Any CPU.Build.0 = Debug|Any CPU
		{1ACCFEB4-1420-463D-BFDF-AE5757A95508}.Release|Any CPU.ActiveCfg = Release|Any CPU
		{1ACCFEB4-1420-463D-BFDF-AE5757A95508}.Release|Any CPU.Build.0 = Release|Any CPU
		{A587F3E2-8109-4590-9DF8-0F4C880D4C0F}.Debug|Any CPU.ActiveCfg = Debug|Any CPU
		{A587F3E2-8109-4590-9DF8-0F4C880D4C0F}.Debug|Any CPU.Build.0 = Debug|Any CPU
		{A587F3E2-8109-4590-9DF8-0F4C880D4C0F}.Release|Any CPU.ActiveCfg = Release|Any CPU
		{A587F3E2-8109-4590-9DF8-0F4C880D4C0F}.Release|Any CPU.Build.0 = Release|Any CPU
		{83E6A7BA-FC24-4D7B-85DD-44F82E86282B}.Debug|Any CPU.ActiveCfg = Debug|Any CPU
		{83E6A7BA-FC24-4D7B-85DD-44F82E86282B}.Debug|Any CPU.Build.0 = Debug|Any CPU
		{83E6A7BA-FC24-4D7B-85DD-44F82E86282B}.Release|Any CPU.ActiveCfg = Release|Any CPU
		{83E6A7BA-FC24-4D7B-85DD-44F82E86282B}.Release|Any CPU.Build.0 = Release|Any CPU
		{828045A8-9B73-4387-A6D9-2F52086D7958}.Debug|Any CPU.ActiveCfg = Debug|Any CPU
		{828045A8-9B73-4387-A6D9-2F52086D7958}.Debug|Any CPU.Build.0 = Debug|Any CPU
		{828045A8-9B73-4387-A6D9-2F52086D7958}.Release|Any CPU.ActiveCfg = Release|Any CPU
		{828045A8-9B73-4387-A6D9-2F52086D7958}.Release|Any CPU.Build.0 = Release|Any CPU
		{9CFFCC87-2A6B-499F-9A9B-76178247CF1A}.Debug|Any CPU.ActiveCfg = Debug|Any CPU
		{9CFFCC87-2A6B-499F-9A9B-76178247CF1A}.Debug|Any CPU.Build.0 = Debug|Any CPU
		{9CFFCC87-2A6B-499F-9A9B-76178247CF1A}.Release|Any CPU.ActiveCfg = Release|Any CPU
		{9CFFCC87-2A6B-499F-9A9B-76178247CF1A}.Release|Any CPU.Build.0 = Release|Any CPU
	EndGlobalSection
	GlobalSection(SolutionProperties) = preSolution
		HideSolutionNode = FALSE
	EndGlobalSection
	GlobalSection(NestedProjects) = preSolution
		{56F896FA-E4A0-41E7-AB05-D8303DBBEDC3} = {1E547AE3-C558-43A9-8FBE-E934E2FC25C8}
		{12081E2C-C05C-4EF3-8FBD-607CB2BA8240} = {1E547AE3-C558-43A9-8FBE-E934E2FC25C8}
		{43351ABE-30BC-41C1-B661-B8CE36EE3314} = {1E547AE3-C558-43A9-8FBE-E934E2FC25C8}
		{1ACCFEB4-1420-463D-BFDF-AE5757A95508} = {1E547AE3-C558-43A9-8FBE-E934E2FC25C8}
		{A587F3E2-8109-4590-9DF8-0F4C880D4C0F} = {1E547AE3-C558-43A9-8FBE-E934E2FC25C8}
		{83E6A7BA-FC24-4D7B-85DD-44F82E86282B} = {169A689E-2DF1-40AA-8339-FD00A4BD5866}
		{828045A8-9B73-4387-A6D9-2F52086D7958} = {169A689E-2DF1-40AA-8339-FD00A4BD5866}
		{9CFFCC87-2A6B-499F-9A9B-76178247CF1A} = {169A689E-2DF1-40AA-8339-FD00A4BD5866}
	EndGlobalSection
	GlobalSection(ExtensibilityGlobals) = postSolution
		SolutionGuid = {8612D619-3381-4DFC-9CAB-94C708900DFF}
	EndGlobalSection
EndGlobal
